
Microsoft Visual Studio Solution File, Format Version 12.00
# Visual Studio Version 17
VisualStudioVersion = 17.9.34607.119
MinimumVisualStudioVersion = 10.0.40219.1
Project("{9A19103F-16F7-4668-BE54-9A1E7A4F7556}") = "ASP.NET WebApiTests", "ASP.NET WebApi.Tests\ASP.NET WebApiTests.csproj", "{593A259F-4938-42CB-BBD9-53CBE8D2AEB6}"
EndProject
Project("{9A19103F-16F7-4668-BE54-9A1E7A4F7556}") = "ASP.NET WebApi", "ASP.NET WebApi\ASP.NET WebApi.csproj", "{7087001B-7685-4992-A1FD-6040F0962A6F}"
EndProject
Global
	GlobalSection(SolutionConfigurationPlatforms) = preSolution
		Debug|Any CPU = Debug|Any CPU
		Release|Any CPU = Release|Any CPU
	EndGlobalSection
	GlobalSection(ProjectConfigurationPlatforms) = postSolution
		{593A259F-4938-42CB-BBD9-53CBE8D2AEB6}.Debug|Any CPU.ActiveCfg = Debug|Any CPU
		{593A259F-4938-42CB-BBD9-53CBE8D2AEB6}.Debug|Any CPU.Build.0 = Debug|Any CPU
		{593A259F-4938-42CB-BBD9-53CBE8D2AEB6}.Release|Any CPU.ActiveCfg = Release|Any CPU
		{593A259F-4938-42CB-BBD9-53CBE8D2AEB6}.Release|Any CPU.Build.0 = Release|Any CPU
		{7087001B-7685-4992-A1FD-6040F0962A6F}.Debug|Any CPU.ActiveCfg = Debug|Any CPU
		{7087001B-7685-4992-A1FD-6040F0962A6F}.Debug|Any CPU.Build.0 = Debug|Any CPU
		{7087001B-7685-4992-A1FD-6040F0962A6F}.Release|Any CPU.ActiveCfg = Release|Any CPU
		{7087001B-7685-4992-A1FD-6040F0962A6F}.Release|Any CPU.Build.0 = Release|Any CPU
	EndGlobalSection
	GlobalSection(SolutionProperties) = preSolution
		HideSolutionNode = FALSE
	EndGlobalSection
	GlobalSection(ExtensibilityGlobals) = postSolution
		SolutionGuid = {55764582-AC3C-4099-9B70-7DAD9B403900}
	EndGlobalSection
EndGlobal
