
Microsoft Visual Studio Solution File, Format Version 12.00
# Visual Studio Version 17
VisualStudioVersion = 17.8.34330.188
MinimumVisualStudioVersion = 10.0.40219.1
Project("{9A19103F-16F7-4668-BE54-9A1E7A4F7556}") = "ASP.NET WebApi", "ASP.NET WebApi.csproj", "{A38322F3-906B-4F23-8392-A36780FD9268}"
EndProject
Project("{9A19103F-16F7-4668-BE54-9A1E7A4F7556}") = "ASP.NET WebApiTests", "..\ASP.NET WebApi.Tests\ASP.NET WebApiTests.csproj", "{66D8AABC-8AC5-40FA-93F6-E3161F6BA58F}"
EndProject
Global
	GlobalSection(SolutionConfigurationPlatforms) = preSolution
		Debug|Any CPU = Debug|Any CPU
		Release|Any CPU = Release|Any CPU
	EndGlobalSection
	GlobalSection(ProjectConfigurationPlatforms) = postSolution
		{A38322F3-906B-4F23-8392-A36780FD9268}.Debug|Any CPU.ActiveCfg = Debug|Any CPU
		{A38322F3-906B-4F23-8392-A36780FD9268}.Debug|Any CPU.Build.0 = Debug|Any CPU
		{A38322F3-906B-4F23-8392-A36780FD9268}.Release|Any CPU.ActiveCfg = Release|Any CPU
		{A38322F3-906B-4F23-8392-A36780FD9268}.Release|Any CPU.Build.0 = Release|Any CPU
		{66D8AABC-8AC5-40FA-93F6-E3161F6BA58F}.Debug|Any CPU.ActiveCfg = Debug|Any CPU
		{66D8AABC-8AC5-40FA-93F6-E3161F6BA58F}.Debug|Any CPU.Build.0 = Debug|Any CPU
		{66D8AABC-8AC5-40FA-93F6-E3161F6BA58F}.Release|Any CPU.ActiveCfg = Release|Any CPU
		{66D8AABC-8AC5-40FA-93F6-E3161F6BA58F}.Release|Any CPU.Build.0 = Release|Any CPU
	EndGlobalSection
	GlobalSection(SolutionProperties) = preSolution
		HideSolutionNode = FALSE
	EndGlobalSection
	GlobalSection(ExtensibilityGlobals) = postSolution
		SolutionGuid = {286B7B1F-75F2-4FDB-B5D9-114373BE580C}
	EndGlobalSection
EndGlobal
